{
  "name": "@ralfuhlig/node-red-oauth2-auth",
  "version": "0.4.1",
  "lockfileVersion": 2,
  "requires": true,
  "packages": {
    "": {
      "name": "@ralfuhlig/node-red-oauth2-auth",
      "version": "0.4.1",
      "license": "Apache-2.0",
      "engines": {
        "node": ">=18.5"
      }
    }
  }
}
